
Microsoft Visual Studio Solution File, Format Version 12.00
# Visual Studio Version 16
VisualStudioVersion = 16.0.28803.156
MinimumVisualStudioVersion = 10.0.40219.1
Project("{FAE04EC0-301F-11D3-BF4B-00C04F79EFBC}") = "01dowhiledemo", "01dowhiledemo\01dowhiledemo.csproj", "{61DBB3AF-5791-4059-A8B2-DF29682F047D}"
EndProject
Project("{FAE04EC0-301F-11D3-BF4B-00C04F79EFBC}") = "02Arrays1demo", "02Arrays1demo\02Arrays1demo.csproj", "{76F50B70-5A17-4313-9AA1-828D0A3DCB46}"
EndProject
Project("{FAE04EC0-301F-11D3-BF4B-00C04F79EFBC}") = "02MultiArray02demo", "02MultiArray02demo\02MultiArray02demo.csproj", "{AFDA9EF5-2DAB-4EFF-A7EE-C19A51D87656}"
EndProject
Project("{FAE04EC0-301F-11D3-BF4B-00C04F79EFBC}") = "03ArrayAdditiondemo", "03ArrayAdditiondemo\03ArrayAdditiondemo.csproj", "{485E8348-F99C-476C-8D8A-36636906E009}"
EndProject
Project("{FAE04EC0-301F-11D3-BF4B-00C04F79EFBC}") = "04JaggedArraydemo", "04JaggedArraydemo\04JaggedArraydemo.csproj", "{191F3D32-EB6A-4D03-961C-CA81EA8D6B09}"
EndProject
Project("{FAE04EC0-301F-11D3-BF4B-00C04F79EFBC}") = "05Functionsdemo1", "05Functionsdemo1\05Functionsdemo1.csproj", "{3EF1740E-E4DD-4186-B777-556559784198}"
EndProject
Project("{FAE04EC0-301F-11D3-BF4B-00C04F79EFBC}") = "05Functionsdemo2", "05Functin2demo\05Functionsdemo2.csproj", "{4CCE8CC1-2DAD-4C29-8995-71418A7C8278}"
EndProject
Project("{FAE04EC0-301F-11D3-BF4B-00C04F79EFBC}") = "05RecursiveFunctiondemo3", "05RecursiveFunctiondemo3\05RecursiveFunctiondemo3.csproj", "{3F597B15-A12B-4B09-8182-DDA9EA12C7A9}"
EndProject
Project("{FAE04EC0-301F-11D3-BF4B-00C04F79EFBC}") = "05NamedAndDefaultParameters4", "05NamedAndDefaultParameters\05NamedAndDefaultParameters4.csproj", "{2D5ADB4E-CE1E-4915-A5D8-0B3F09982153}"
EndProject
Project("{FAE04EC0-301F-11D3-BF4B-00C04F79EFBC}") = "05CallByReferencedemo5", "05CallByReferencedemo\05CallByReferencedemo5.csproj", "{51772768-7B0D-46C3-87CA-3A5612911E55}"
EndProject
Project("{FAE04EC0-301F-11D3-BF4B-00C04F79EFBC}") = "05CallByReferencedemoSwap6", "05CallByReferencedemoSwap6\05CallByReferencedemoSwap6.csproj", "{73588594-89A2-4098-A892-EB1C1FA99629}"
EndProject
Project("{FAE04EC0-301F-11D3-BF4B-00C04F79EFBC}") = "05ParamsDemo6", "05ParamsDemo6\05ParamsDemo6.csproj", "{C7CC504E-9BFB-49C7-9358-EEEA3A9AA537}"
EndProject
Project("{FAE04EC0-301F-11D3-BF4B-00C04F79EFBC}") = "06Structuresdemo1", "06Structuresdemo1\06Structuresdemo1.csproj", "{4DC84E58-1FB9-4D79-A3BA-16D2DA2D4490}"
EndProject
Project("{FAE04EC0-301F-11D3-BF4B-00C04F79EFBC}") = "06Structuresdemo2", "06Structuresdemo2\06Structuresdemo2.csproj", "{1628835E-36DB-496A-923D-CDE53D724D06}"
EndProject
Project("{FAE04EC0-301F-11D3-BF4B-00C04F79EFBC}") = "06Structuresdemo3", "06Structuresdemo3\06Structuresdemo3.csproj", "{2E56F40B-2B27-4A5F-B4E1-C815814A0285}"
EndProject
Project("{FAE04EC0-301F-11D3-BF4B-00C04F79EFBC}") = "07EnumsDemo1", "07EnumsDemo1\07EnumsDemo1.csproj", "{0E367C03-D812-450F-94FC-45FE0B52C748}"
EndProject
Project("{FAE04EC0-301F-11D3-BF4B-00C04F79EFBC}") = "07Enumsdemo2", "06Enumdemo2\07Enumsdemo2.csproj", "{32320888-C2A4-44C4-9AE4-41FC6BAC54B2}"
EndProject
Project("{2150E333-8FDC-42A3-9474-1A3956D46DE8}") = "01CSharpBasics", "01CSharpBasics", "{73952C48-5B08-40A8-AF5F-5728BB73398D}"
EndProject
Project("{2150E333-8FDC-42A3-9474-1A3956D46DE8}") = "02CSharpOpps", "02CSharpOpps", "{CE89BE3C-78BD-484B-8A42-EBFF019584C1}"
EndProject
Project("{FAE04EC0-301F-11D3-BF4B-00C04F79EFBC}") = "08ClassDemo", "08ClassDemo\08ClassDemo.csproj", "{7DC0B9EE-0CF3-4975-B4A3-FCB8E9E31F33}"
EndProject
Project("{FAE04EC0-301F-11D3-BF4B-00C04F79EFBC}") = "08ClassDemo02", "08ClassDemo02\08ClassDemo02.csproj", "{D63967C7-FB0A-4B19-9473-9F0D29D4ED5E}"
EndProject
Project("{FAE04EC0-301F-11D3-BF4B-00C04F79EFBC}") = "09ConstructorsDemo01", "09ConstructorsDemo01\09ConstructorsDemo01.csproj", "{0CF3BC8A-8400-4854-8DAF-EF557D6FB5B3}"
EndProject
Project("{FAE04EC0-301F-11D3-BF4B-00C04F79EFBC}") = "10StaticDemo", "10StaticDemo\10StaticDemo.csproj", "{DD88233C-AD77-4C4E-AB31-2EA99E14A43E}"
EndProject
Project("{FAE04EC0-301F-11D3-BF4B-00C04F79EFBC}") = "11PrivateConstrutorDemo", "11PrivateConstrutorDemo\11PrivateConstrutorDemo.csproj", "{9BD7215F-FA97-4ADB-810C-5458C1210765}"
EndProject
Project("{FAE04EC0-301F-11D3-BF4B-00C04F79EFBC}") = "12InheritanceDemo", "12InheritanceDemo\12InheritanceDemo.csproj", "{E1E51C52-0F23-46DE-A75E-553CA9C9B642}"
EndProject
Project("{FAE04EC0-301F-11D3-BF4B-00C04F79EFBC}") = "13BankingSoftware", "10BankingSoftware\13BankingSoftware.csproj", "{6401B774-4B31-4C61-A2AA-7EA474B3A820}"
EndProject
Project("{FAE04EC0-301F-11D3-BF4B-00C04F79EFBC}") = "14CompileTimePolymorphism", "14CompileTimePolymorphism\14CompileTimePolymorphism.csproj", "{2903D1B7-447B-422B-AC3C-83C6213AF868}"
EndProject
Project("{FAE04EC0-301F-11D3-BF4B-00C04F79EFBC}") = "15RunTimePolymorphism", "15RunTimePolymorphism\15RunTimePolymorphism.csproj", "{36CCD40A-10B7-48F5-A59F-6E86577A2C2E}"
EndProject
Project("{FAE04EC0-301F-11D3-BF4B-00C04F79EFBC}") = "16AbstractDemo", "16AbstractDemo\16AbstractDemo.csproj", "{0A45F437-A1D9-411A-A52D-AB3DE332521B}"
EndProject
Project("{FAE04EC0-301F-11D3-BF4B-00C04F79EFBC}") = "17InterfacesDemo01", "17InterfacesDemo01\17InterfacesDemo01.csproj", "{439566F1-6031-45E5-9294-75AB5016B56C}"
EndProject
Project("{FAE04EC0-301F-11D3-BF4B-00C04F79EFBC}") = "17InterfacesDemo02", "18InterfacesDemo02\17InterfacesDemo02.csproj", "{E279D05A-E4A6-40A0-8D65-4083A52601F7}"
EndProject
Project("{FAE04EC0-301F-11D3-BF4B-00C04F79EFBC}") = "17InterfacesDemo03", "17IntefacesDemo03\17InterfacesDemo03.csproj", "{6DE0FFE1-4CE7-4BD5-A1E8-710CF7096A17}"
EndProject
Project("{FAE04EC0-301F-11D3-BF4B-00C04F79EFBC}") = "18StudentDetails", "18StudentDetails\18StudentDetails.csproj", "{B37A9E75-8AC7-4031-897B-F9A4DC08F2F1}"
EndProject
Project("{2150E333-8FDC-42A3-9474-1A3956D46DE8}") = "03AdvancedCSharp", "03AdvancedCSharp", "{D1BDCE01-7C0D-44C4-A195-80F87968C3A5}"
EndProject
Project("{FAE04EC0-301F-11D3-BF4B-00C04F79EFBC}") = "01SealedClass", "01SealedClass\01SealedClass.csproj", "{2990D840-A01B-442A-B15B-87B35E381CCD}"
EndProject
Project("{FAE04EC0-301F-11D3-BF4B-00C04F79EFBC}") = "02SealedMethod", "02SealedMethod\02SealedMethod.csproj", "{C70DF491-D99B-4F06-A96E-1733E2B79277}"
EndProject
Project("{FAE04EC0-301F-11D3-BF4B-00C04F79EFBC}") = "03PartialClass", "03PartialClass\03PartialClass.csproj", "{F0770F3E-B1DA-4769-989C-2AC7C726E668}"
EndProject
Project("{FAE04EC0-301F-11D3-BF4B-00C04F79EFBC}") = "04NestedClass", "04NestedClass\04NestedClass.csproj", "{20372D12-0E4D-46B1-B105-5E65B38130B2}"
EndProject
Project("{FAE04EC0-301F-11D3-BF4B-00C04F79EFBC}") = "05ExtensionClass", "05ExtensionClass\05ExtensionClass.csproj", "{942FCD88-488E-4159-A520-B386DD7356CB}"
EndProject
Project("{FAE04EC0-301F-11D3-BF4B-00C04F79EFBC}") = "05PropertiesDemo", "05PropertiesDemo\05PropertiesDemo.csproj", "{712B582C-030F-4165-9080-25B1E6475A33}"
EndProject
Project("{FAE04EC0-301F-11D3-BF4B-00C04F79EFBC}") = "06PropertiesDemo2", "06PropertiesDemo2\06PropertiesDemo2.csproj", "{3FF61180-5459-4CA9-9643-1DE61B8C73AF}"
EndProject
Project("{FAE04EC0-301F-11D3-BF4B-00C04F79EFBC}") = "06PropertiesDemo3AutoImplementedProperty", "06PropertiesDemo3AutoImplementedProperty\06PropertiesDemo3AutoImplementedProperty.csproj", "{7F122D85-C796-4112-9CD0-F113C1DCE5CC}"
EndProject
Project("{FAE04EC0-301F-11D3-BF4B-00C04F79EFBC}") = "07IndexerDemo", "07IndexerDemo\07IndexerDemo.csproj", "{F608E5DB-7071-4EEB-AA96-9F851B32B9DA}"
EndProject
Project("{FAE04EC0-301F-11D3-BF4B-00C04F79EFBC}") = "08DelegatesDemo01", "08DelegatesDemo01\08DelegatesDemo01.csproj", "{DF0392E5-C46D-4B90-913F-E059282B6CBF}"
EndProject
Project("{FAE04EC0-301F-11D3-BF4B-00C04F79EFBC}") = "08DelegatesDemo02", "08DelegatesDemo02\08DelegatesDemo02.csproj", "{EDA94E1A-AF62-4C54-8B49-42118D01D548}"
EndProject
Project("{FAE04EC0-301F-11D3-BF4B-00C04F79EFBC}") = "08DelegatesDemo03", "08DelegatesDemo03\08DelegatesDemo03.csproj", "{FEB4C77D-7231-47FD-BBE0-083F00173DB5}"
EndProject
Project("{FAE04EC0-301F-11D3-BF4B-00C04F79EFBC}") = "09AnonymousMethod", "09AnonymousMethod\09AnonymousMethod.csproj", "{703892CB-160D-41DA-B983-8065A6C73994}"
EndProject
Project("{FAE04EC0-301F-11D3-BF4B-00C04F79EFBC}") = "10LambdaExpression", "10LamdaExpression\10LambdaExpression.csproj", "{8D7C8C87-2C6A-4B22-B3CD-08BB09502BD6}"
EndProject
Project("{FAE04EC0-301F-11D3-BF4B-00C04F79EFBC}") = "11GenericsDemo", "11GenericsDemo\11GenericsDemo.csproj", "{DEC1608B-8EB4-4B4E-8370-A44270714217}"
EndProject
Project("{FAE04EC0-301F-11D3-BF4B-00C04F79EFBC}") = "12GenericClassDemo", "12GenericClassDemo\12GenericClassDemo.csproj", "{28AED5AD-1257-4E39-BD5A-23D05DEC0B2F}"
EndProject
Project("{FAE04EC0-301F-11D3-BF4B-00C04F79EFBC}") = "13GenericDelegates", "13GenericDelegates\13GenericDelegates.csproj", "{387E923A-A773-4B1B-A944-C65527A31983}"
EndProject
Project("{FAE04EC0-301F-11D3-BF4B-00C04F79EFBC}") = "14CollectionsDemo01", "14CollectionsDemo01\14CollectionsDemo01.csproj", "{A82DB6E9-45AB-4175-ACCB-7B92D8985282}"
EndProject
Project("{FAE04EC0-301F-11D3-BF4B-00C04F79EFBC}") = "15CollectionsDemo02SortedList", "15CollectionsDemo02SortedList\15CollectionsDemo02SortedList.csproj", "{D887BA1B-4492-4759-9FFA-E460B7508338}"
EndProject
Project("{FAE04EC0-301F-11D3-BF4B-00C04F79EFBC}") = "16CollectionsDemo03HashTable", "16CollectionsDemo03HashTable\16CollectionsDemo03HashTable.csproj", "{7CC39287-B004-4B43-AB1C-2285A68C8F81}"
EndProject
Project("{FAE04EC0-301F-11D3-BF4B-00C04F79EFBC}") = "17QueueAndStack", "17QueueDemo01\17QueueAndStack.csproj", "{AFCFDA54-935C-4EDF-89C0-AC14FB60E51C}"
EndProject
Project("{FAE04EC0-301F-11D3-BF4B-00C04F79EFBC}") = "18GenericCollectionsDemo01", "18GenericCOllections\18GenericCollectionsDemo01.csproj", "{92B1DC01-53A8-485C-9F65-AF28BA971928}"
EndProject
Project("{FAE04EC0-301F-11D3-BF4B-00C04F79EFBC}") = "18GenericCollectionDictionaryDemo02", "18GenericCollectionDictionaryDemo02\18GenericCollectionDictionaryDemo02.csproj", "{1AC69778-EA67-4F2C-82ED-D79186A98D43}"
EndProject
Project("{FAE04EC0-301F-11D3-BF4B-00C04F79EFBC}") = "18GenericCollectionSortedListDemo03", "18GenericCollectionSortedListDemo03\18GenericCollectionSortedListDemo03.csproj", "{21D5F607-5CE9-4AF9-801B-AFF0824CF766}"
EndProject
Project("{FAE04EC0-301F-11D3-BF4B-00C04F79EFBC}") = "19ExceptionHandligDemo01", "19ExceptionHandligDemo01\19ExceptionHandligDemo01.csproj", "{5DF45AE3-8094-431A-9171-D15E3EA1F574}"
EndProject
Project("{FAE04EC0-301F-11D3-BF4B-00C04F79EFBC}") = "20LINQDemo01", "20LINQDemo01\20LINQDemo01.csproj", "{BAE862EB-3B1B-48E6-9596-4CBC600532CD}"
EndProject
Project("{FAE04EC0-301F-11D3-BF4B-00C04F79EFBC}") = "20LinqDemo02", "20LinqDemo02\20LinqDemo02.csproj", "{792BF852-3E44-4C05-BECE-777F79D701D2}"
EndProject
Project("{FAE04EC0-301F-11D3-BF4B-00C04F79EFBC}") = "20LinqDemo03", "20LinqDemo03\20LinqDemo03.csproj", "{812C3737-4F01-4987-9A2A-A7DA3E794DA5}"
EndProject
Project("{FAE04EC0-301F-11D3-BF4B-00C04F79EFBC}") = "20LinqDemo04", "20LinqDemo04\20LinqDemo04.csproj", "{680BA41A-E3D3-4EB0-89E9-168571C6FCBA}"
EndProject
Project("{FAE04EC0-301F-11D3-BF4B-00C04F79EFBC}") = "21AttributesDemo", "21AttributesDemo\21AttributesDemo.csproj", "{66E66D22-6172-43F5-8E69-BAD55D6CA2FE}"
EndProject
Project("{FAE04EC0-301F-11D3-BF4B-00C04F79EFBC}") = "22CustomException", "22CustomeException\22CustomException.csproj", "{18979983-FCA9-41BA-9B7C-3CA6F0DF4D20}"
EndProject
Global
	GlobalSection(SolutionConfigurationPlatforms) = preSolution
		Debug|Any CPU = Debug|Any CPU
		Release|Any CPU = Release|Any CPU
	EndGlobalSection
	GlobalSection(ProjectConfigurationPlatforms) = postSolution
		{61DBB3AF-5791-4059-A8B2-DF29682F047D}.Debug|Any CPU.ActiveCfg = Debug|Any CPU
		{61DBB3AF-5791-4059-A8B2-DF29682F047D}.Debug|Any CPU.Build.0 = Debug|Any CPU
		{61DBB3AF-5791-4059-A8B2-DF29682F047D}.Release|Any CPU.ActiveCfg = Release|Any CPU
		{61DBB3AF-5791-4059-A8B2-DF29682F047D}.Release|Any CPU.Build.0 = Release|Any CPU
		{76F50B70-5A17-4313-9AA1-828D0A3DCB46}.Debug|Any CPU.ActiveCfg = Debug|Any CPU
		{76F50B70-5A17-4313-9AA1-828D0A3DCB46}.Debug|Any CPU.Build.0 = Debug|Any CPU
		{76F50B70-5A17-4313-9AA1-828D0A3DCB46}.Release|Any CPU.ActiveCfg = Release|Any CPU
		{76F50B70-5A17-4313-9AA1-828D0A3DCB46}.Release|Any CPU.Build.0 = Release|Any CPU
		{AFDA9EF5-2DAB-4EFF-A7EE-C19A51D87656}.Debug|Any CPU.ActiveCfg = Debug|Any CPU
		{AFDA9EF5-2DAB-4EFF-A7EE-C19A51D87656}.Debug|Any CPU.Build.0 = Debug|Any CPU
		{AFDA9EF5-2DAB-4EFF-A7EE-C19A51D87656}.Release|Any CPU.ActiveCfg = Release|Any CPU
		{AFDA9EF5-2DAB-4EFF-A7EE-C19A51D87656}.Release|Any CPU.Build.0 = Release|Any CPU
		{485E8348-F99C-476C-8D8A-36636906E009}.Debug|Any CPU.ActiveCfg = Debug|Any CPU
		{485E8348-F99C-476C-8D8A-36636906E009}.Debug|Any CPU.Build.0 = Debug|Any CPU
		{485E8348-F99C-476C-8D8A-36636906E009}.Release|Any CPU.ActiveCfg = Release|Any CPU
		{485E8348-F99C-476C-8D8A-36636906E009}.Release|Any CPU.Build.0 = Release|Any CPU
		{191F3D32-EB6A-4D03-961C-CA81EA8D6B09}.Debug|Any CPU.ActiveCfg = Debug|Any CPU
		{191F3D32-EB6A-4D03-961C-CA81EA8D6B09}.Debug|Any CPU.Build.0 = Debug|Any CPU
		{191F3D32-EB6A-4D03-961C-CA81EA8D6B09}.Release|Any CPU.ActiveCfg = Release|Any CPU
		{191F3D32-EB6A-4D03-961C-CA81EA8D6B09}.Release|Any CPU.Build.0 = Release|Any CPU
		{3EF1740E-E4DD-4186-B777-556559784198}.Debug|Any CPU.ActiveCfg = Debug|Any CPU
		{3EF1740E-E4DD-4186-B777-556559784198}.Debug|Any CPU.Build.0 = Debug|Any CPU
		{3EF1740E-E4DD-4186-B777-556559784198}.Release|Any CPU.ActiveCfg = Release|Any CPU
		{3EF1740E-E4DD-4186-B777-556559784198}.Release|Any CPU.Build.0 = Release|Any CPU
		{4CCE8CC1-2DAD-4C29-8995-71418A7C8278}.Debug|Any CPU.ActiveCfg = Debug|Any CPU
		{4CCE8CC1-2DAD-4C29-8995-71418A7C8278}.Debug|Any CPU.Build.0 = Debug|Any CPU
		{4CCE8CC1-2DAD-4C29-8995-71418A7C8278}.Release|Any CPU.ActiveCfg = Release|Any CPU
		{4CCE8CC1-2DAD-4C29-8995-71418A7C8278}.Release|Any CPU.Build.0 = Release|Any CPU
		{3F597B15-A12B-4B09-8182-DDA9EA12C7A9}.Debug|Any CPU.ActiveCfg = Debug|Any CPU
		{3F597B15-A12B-4B09-8182-DDA9EA12C7A9}.Debug|Any CPU.Build.0 = Debug|Any CPU
		{3F597B15-A12B-4B09-8182-DDA9EA12C7A9}.Release|Any CPU.ActiveCfg = Release|Any CPU
		{3F597B15-A12B-4B09-8182-DDA9EA12C7A9}.Release|Any CPU.Build.0 = Release|Any CPU
		{2D5ADB4E-CE1E-4915-A5D8-0B3F09982153}.Debug|Any CPU.ActiveCfg = Debug|Any CPU
		{2D5ADB4E-CE1E-4915-A5D8-0B3F09982153}.Debug|Any CPU.Build.0 = Debug|Any CPU
		{2D5ADB4E-CE1E-4915-A5D8-0B3F09982153}.Release|Any CPU.ActiveCfg = Release|Any CPU
		{2D5ADB4E-CE1E-4915-A5D8-0B3F09982153}.Release|Any CPU.Build.0 = Release|Any CPU
		{51772768-7B0D-46C3-87CA-3A5612911E55}.Debug|Any CPU.ActiveCfg = Debug|Any CPU
		{51772768-7B0D-46C3-87CA-3A5612911E55}.Debug|Any CPU.Build.0 = Debug|Any CPU
		{51772768-7B0D-46C3-87CA-3A5612911E55}.Release|Any CPU.ActiveCfg = Release|Any CPU
		{51772768-7B0D-46C3-87CA-3A5612911E55}.Release|Any CPU.Build.0 = Release|Any CPU
		{73588594-89A2-4098-A892-EB1C1FA99629}.Debug|Any CPU.ActiveCfg = Debug|Any CPU
		{73588594-89A2-4098-A892-EB1C1FA99629}.Debug|Any CPU.Build.0 = Debug|Any CPU
		{73588594-89A2-4098-A892-EB1C1FA99629}.Release|Any CPU.ActiveCfg = Release|Any CPU
		{73588594-89A2-4098-A892-EB1C1FA99629}.Release|Any CPU.Build.0 = Release|Any CPU
		{C7CC504E-9BFB-49C7-9358-EEEA3A9AA537}.Debug|Any CPU.ActiveCfg = Debug|Any CPU
		{C7CC504E-9BFB-49C7-9358-EEEA3A9AA537}.Debug|Any CPU.Build.0 = Debug|Any CPU
		{C7CC504E-9BFB-49C7-9358-EEEA3A9AA537}.Release|Any CPU.ActiveCfg = Release|Any CPU
		{C7CC504E-9BFB-49C7-9358-EEEA3A9AA537}.Release|Any CPU.Build.0 = Release|Any CPU
		{4DC84E58-1FB9-4D79-A3BA-16D2DA2D4490}.Debug|Any CPU.ActiveCfg = Debug|Any CPU
		{4DC84E58-1FB9-4D79-A3BA-16D2DA2D4490}.Debug|Any CPU.Build.0 = Debug|Any CPU
		{4DC84E58-1FB9-4D79-A3BA-16D2DA2D4490}.Release|Any CPU.ActiveCfg = Release|Any CPU
		{4DC84E58-1FB9-4D79-A3BA-16D2DA2D4490}.Release|Any CPU.Build.0 = Release|Any CPU
		{1628835E-36DB-496A-923D-CDE53D724D06}.Debug|Any CPU.ActiveCfg = Debug|Any CPU
		{1628835E-36DB-496A-923D-CDE53D724D06}.Debug|Any CPU.Build.0 = Debug|Any CPU
		{1628835E-36DB-496A-923D-CDE53D724D06}.Release|Any CPU.ActiveCfg = Release|Any CPU
		{1628835E-36DB-496A-923D-CDE53D724D06}.Release|Any CPU.Build.0 = Release|Any CPU
		{2E56F40B-2B27-4A5F-B4E1-C815814A0285}.Debug|Any CPU.ActiveCfg = Debug|Any CPU
		{2E56F40B-2B27-4A5F-B4E1-C815814A0285}.Debug|Any CPU.Build.0 = Debug|Any CPU
		{2E56F40B-2B27-4A5F-B4E1-C815814A0285}.Release|Any CPU.ActiveCfg = Release|Any CPU
		{2E56F40B-2B27-4A5F-B4E1-C815814A0285}.Release|Any CPU.Build.0 = Release|Any CPU
		{0E367C03-D812-450F-94FC-45FE0B52C748}.Debug|Any CPU.ActiveCfg = Debug|Any CPU
		{0E367C03-D812-450F-94FC-45FE0B52C748}.Debug|Any CPU.Build.0 = Debug|Any CPU
		{0E367C03-D812-450F-94FC-45FE0B52C748}.Release|Any CPU.ActiveCfg = Release|Any CPU
		{0E367C03-D812-450F-94FC-45FE0B52C748}.Release|Any CPU.Build.0 = Release|Any CPU
		{32320888-C2A4-44C4-9AE4-41FC6BAC54B2}.Debug|Any CPU.ActiveCfg = Debug|Any CPU
		{32320888-C2A4-44C4-9AE4-41FC6BAC54B2}.Debug|Any CPU.Build.0 = Debug|Any CPU
		{32320888-C2A4-44C4-9AE4-41FC6BAC54B2}.Release|Any CPU.ActiveCfg = Release|Any CPU
		{32320888-C2A4-44C4-9AE4-41FC6BAC54B2}.Release|Any CPU.Build.0 = Release|Any CPU
		{7DC0B9EE-0CF3-4975-B4A3-FCB8E9E31F33}.Debug|Any CPU.ActiveCfg = Debug|Any CPU
		{7DC0B9EE-0CF3-4975-B4A3-FCB8E9E31F33}.Debug|Any CPU.Build.0 = Debug|Any CPU
		{7DC0B9EE-0CF3-4975-B4A3-FCB8E9E31F33}.Release|Any CPU.ActiveCfg = Release|Any CPU
		{7DC0B9EE-0CF3-4975-B4A3-FCB8E9E31F33}.Release|Any CPU.Build.0 = Release|Any CPU
		{D63967C7-FB0A-4B19-9473-9F0D29D4ED5E}.Debug|Any CPU.ActiveCfg = Debug|Any CPU
		{D63967C7-FB0A-4B19-9473-9F0D29D4ED5E}.Debug|Any CPU.Build.0 = Debug|Any CPU
		{D63967C7-FB0A-4B19-9473-9F0D29D4ED5E}.Release|Any CPU.ActiveCfg = Release|Any CPU
		{D63967C7-FB0A-4B19-9473-9F0D29D4ED5E}.Release|Any CPU.Build.0 = Release|Any CPU
		{0CF3BC8A-8400-4854-8DAF-EF557D6FB5B3}.Debug|Any CPU.ActiveCfg = Debug|Any CPU
		{0CF3BC8A-8400-4854-8DAF-EF557D6FB5B3}.Debug|Any CPU.Build.0 = Debug|Any CPU
		{0CF3BC8A-8400-4854-8DAF-EF557D6FB5B3}.Release|Any CPU.ActiveCfg = Release|Any CPU
		{0CF3BC8A-8400-4854-8DAF-EF557D6FB5B3}.Release|Any CPU.Build.0 = Release|Any CPU
		{DD88233C-AD77-4C4E-AB31-2EA99E14A43E}.Debug|Any CPU.ActiveCfg = Debug|Any CPU
		{DD88233C-AD77-4C4E-AB31-2EA99E14A43E}.Debug|Any CPU.Build.0 = Debug|Any CPU
		{DD88233C-AD77-4C4E-AB31-2EA99E14A43E}.Release|Any CPU.ActiveCfg = Release|Any CPU
		{DD88233C-AD77-4C4E-AB31-2EA99E14A43E}.Release|Any CPU.Build.0 = Release|Any CPU
		{9BD7215F-FA97-4ADB-810C-5458C1210765}.Debug|Any CPU.ActiveCfg = Debug|Any CPU
		{9BD7215F-FA97-4ADB-810C-5458C1210765}.Debug|Any CPU.Build.0 = Debug|Any CPU
		{9BD7215F-FA97-4ADB-810C-5458C1210765}.Release|Any CPU.ActiveCfg = Release|Any CPU
		{9BD7215F-FA97-4ADB-810C-5458C1210765}.Release|Any CPU.Build.0 = Release|Any CPU
		{E1E51C52-0F23-46DE-A75E-553CA9C9B642}.Debug|Any CPU.ActiveCfg = Debug|Any CPU
		{E1E51C52-0F23-46DE-A75E-553CA9C9B642}.Debug|Any CPU.Build.0 = Debug|Any CPU
		{E1E51C52-0F23-46DE-A75E-553CA9C9B642}.Release|Any CPU.ActiveCfg = Release|Any CPU
		{E1E51C52-0F23-46DE-A75E-553CA9C9B642}.Release|Any CPU.Build.0 = Release|Any CPU
		{6401B774-4B31-4C61-A2AA-7EA474B3A820}.Debug|Any CPU.ActiveCfg = Debug|Any CPU
		{6401B774-4B31-4C61-A2AA-7EA474B3A820}.Debug|Any CPU.Build.0 = Debug|Any CPU
		{6401B774-4B31-4C61-A2AA-7EA474B3A820}.Release|Any CPU.ActiveCfg = Release|Any CPU
		{6401B774-4B31-4C61-A2AA-7EA474B3A820}.Release|Any CPU.Build.0 = Release|Any CPU
		{2903D1B7-447B-422B-AC3C-83C6213AF868}.Debug|Any CPU.ActiveCfg = Debug|Any CPU
		{2903D1B7-447B-422B-AC3C-83C6213AF868}.Debug|Any CPU.Build.0 = Debug|Any CPU
		{2903D1B7-447B-422B-AC3C-83C6213AF868}.Release|Any CPU.ActiveCfg = Release|Any CPU
		{2903D1B7-447B-422B-AC3C-83C6213AF868}.Release|Any CPU.Build.0 = Release|Any CPU
		{36CCD40A-10B7-48F5-A59F-6E86577A2C2E}.Debug|Any CPU.ActiveCfg = Debug|Any CPU
		{36CCD40A-10B7-48F5-A59F-6E86577A2C2E}.Debug|Any CPU.Build.0 = Debug|Any CPU
		{36CCD40A-10B7-48F5-A59F-6E86577A2C2E}.Release|Any CPU.ActiveCfg = Release|Any CPU
		{36CCD40A-10B7-48F5-A59F-6E86577A2C2E}.Release|Any CPU.Build.0 = Release|Any CPU
		{0A45F437-A1D9-411A-A52D-AB3DE332521B}.Debug|Any CPU.ActiveCfg = Debug|Any CPU
		{0A45F437-A1D9-411A-A52D-AB3DE332521B}.Debug|Any CPU.Build.0 = Debug|Any CPU
		{0A45F437-A1D9-411A-A52D-AB3DE332521B}.Release|Any CPU.ActiveCfg = Release|Any CPU
		{0A45F437-A1D9-411A-A52D-AB3DE332521B}.Release|Any CPU.Build.0 = Release|Any CPU
		{439566F1-6031-45E5-9294-75AB5016B56C}.Debug|Any CPU.ActiveCfg = Debug|Any CPU
		{439566F1-6031-45E5-9294-75AB5016B56C}.Debug|Any CPU.Build.0 = Debug|Any CPU
		{439566F1-6031-45E5-9294-75AB5016B56C}.Release|Any CPU.ActiveCfg = Release|Any CPU
		{439566F1-6031-45E5-9294-75AB5016B56C}.Release|Any CPU.Build.0 = Release|Any CPU
		{E279D05A-E4A6-40A0-8D65-4083A52601F7}.Debug|Any CPU.ActiveCfg = Debug|Any CPU
		{E279D05A-E4A6-40A0-8D65-4083A52601F7}.Debug|Any CPU.Build.0 = Debug|Any CPU
		{E279D05A-E4A6-40A0-8D65-4083A52601F7}.Release|Any CPU.ActiveCfg = Release|Any CPU
		{E279D05A-E4A6-40A0-8D65-4083A52601F7}.Release|Any CPU.Build.0 = Release|Any CPU
		{6DE0FFE1-4CE7-4BD5-A1E8-710CF7096A17}.Debug|Any CPU.ActiveCfg = Debug|Any CPU
		{6DE0FFE1-4CE7-4BD5-A1E8-710CF7096A17}.Debug|Any CPU.Build.0 = Debug|Any CPU
		{6DE0FFE1-4CE7-4BD5-A1E8-710CF7096A17}.Release|Any CPU.ActiveCfg = Release|Any CPU
		{6DE0FFE1-4CE7-4BD5-A1E8-710CF7096A17}.Release|Any CPU.Build.0 = Release|Any CPU
		{B37A9E75-8AC7-4031-897B-F9A4DC08F2F1}.Debug|Any CPU.ActiveCfg = Debug|Any CPU
		{B37A9E75-8AC7-4031-897B-F9A4DC08F2F1}.Debug|Any CPU.Build.0 = Debug|Any CPU
		{B37A9E75-8AC7-4031-897B-F9A4DC08F2F1}.Release|Any CPU.ActiveCfg = Release|Any CPU
		{B37A9E75-8AC7-4031-897B-F9A4DC08F2F1}.Release|Any CPU.Build.0 = Release|Any CPU
		{2990D840-A01B-442A-B15B-87B35E381CCD}.Debug|Any CPU.ActiveCfg = Debug|Any CPU
		{2990D840-A01B-442A-B15B-87B35E381CCD}.Debug|Any CPU.Build.0 = Debug|Any CPU
		{2990D840-A01B-442A-B15B-87B35E381CCD}.Release|Any CPU.ActiveCfg = Release|Any CPU
		{2990D840-A01B-442A-B15B-87B35E381CCD}.Release|Any CPU.Build.0 = Release|Any CPU
		{C70DF491-D99B-4F06-A96E-1733E2B79277}.Debug|Any CPU.ActiveCfg = Debug|Any CPU
		{C70DF491-D99B-4F06-A96E-1733E2B79277}.Debug|Any CPU.Build.0 = Debug|Any CPU
		{C70DF491-D99B-4F06-A96E-1733E2B79277}.Release|Any CPU.ActiveCfg = Release|Any CPU
		{C70DF491-D99B-4F06-A96E-1733E2B79277}.Release|Any CPU.Build.0 = Release|Any CPU
		{F0770F3E-B1DA-4769-989C-2AC7C726E668}.Debug|Any CPU.ActiveCfg = Debug|Any CPU
		{F0770F3E-B1DA-4769-989C-2AC7C726E668}.Debug|Any CPU.Build.0 = Debug|Any CPU
		{F0770F3E-B1DA-4769-989C-2AC7C726E668}.Release|Any CPU.ActiveCfg = Release|Any CPU
		{F0770F3E-B1DA-4769-989C-2AC7C726E668}.Release|Any CPU.Build.0 = Release|Any CPU
		{20372D12-0E4D-46B1-B105-5E65B38130B2}.Debug|Any CPU.ActiveCfg = Debug|Any CPU
		{20372D12-0E4D-46B1-B105-5E65B38130B2}.Debug|Any CPU.Build.0 = Debug|Any CPU
		{20372D12-0E4D-46B1-B105-5E65B38130B2}.Release|Any CPU.ActiveCfg = Release|Any CPU
		{20372D12-0E4D-46B1-B105-5E65B38130B2}.Release|Any CPU.Build.0 = Release|Any CPU
		{942FCD88-488E-4159-A520-B386DD7356CB}.Debug|Any CPU.ActiveCfg = Debug|Any CPU
		{942FCD88-488E-4159-A520-B386DD7356CB}.Debug|Any CPU.Build.0 = Debug|Any CPU
		{942FCD88-488E-4159-A520-B386DD7356CB}.Release|Any CPU.ActiveCfg = Release|Any CPU
		{942FCD88-488E-4159-A520-B386DD7356CB}.Release|Any CPU.Build.0 = Release|Any CPU
		{712B582C-030F-4165-9080-25B1E6475A33}.Debug|Any CPU.ActiveCfg = Debug|Any CPU
		{712B582C-030F-4165-9080-25B1E6475A33}.Debug|Any CPU.Build.0 = Debug|Any CPU
		{712B582C-030F-4165-9080-25B1E6475A33}.Release|Any CPU.ActiveCfg = Release|Any CPU
		{712B582C-030F-4165-9080-25B1E6475A33}.Release|Any CPU.Build.0 = Release|Any CPU
		{3FF61180-5459-4CA9-9643-1DE61B8C73AF}.Debug|Any CPU.ActiveCfg = Debug|Any CPU
		{3FF61180-5459-4CA9-9643-1DE61B8C73AF}.Debug|Any CPU.Build.0 = Debug|Any CPU
		{3FF61180-5459-4CA9-9643-1DE61B8C73AF}.Release|Any CPU.ActiveCfg = Release|Any CPU
		{3FF61180-5459-4CA9-9643-1DE61B8C73AF}.Release|Any CPU.Build.0 = Release|Any CPU
		{7F122D85-C796-4112-9CD0-F113C1DCE5CC}.Debug|Any CPU.ActiveCfg = Debug|Any CPU
		{7F122D85-C796-4112-9CD0-F113C1DCE5CC}.Debug|Any CPU.Build.0 = Debug|Any CPU
		{7F122D85-C796-4112-9CD0-F113C1DCE5CC}.Release|Any CPU.ActiveCfg = Release|Any CPU
		{7F122D85-C796-4112-9CD0-F113C1DCE5CC}.Release|Any CPU.Build.0 = Release|Any CPU
		{F608E5DB-7071-4EEB-AA96-9F851B32B9DA}.Debug|Any CPU.ActiveCfg = Debug|Any CPU
		{F608E5DB-7071-4EEB-AA96-9F851B32B9DA}.Debug|Any CPU.Build.0 = Debug|Any CPU
		{F608E5DB-7071-4EEB-AA96-9F851B32B9DA}.Release|Any CPU.ActiveCfg = Release|Any CPU
		{F608E5DB-7071-4EEB-AA96-9F851B32B9DA}.Release|Any CPU.Build.0 = Release|Any CPU
		{DF0392E5-C46D-4B90-913F-E059282B6CBF}.Debug|Any CPU.ActiveCfg = Debug|Any CPU
		{DF0392E5-C46D-4B90-913F-E059282B6CBF}.Debug|Any CPU.Build.0 = Debug|Any CPU
		{DF0392E5-C46D-4B90-913F-E059282B6CBF}.Release|Any CPU.ActiveCfg = Release|Any CPU
		{DF0392E5-C46D-4B90-913F-E059282B6CBF}.Release|Any CPU.Build.0 = Release|Any CPU
		{EDA94E1A-AF62-4C54-8B49-42118D01D548}.Debug|Any CPU.ActiveCfg = Debug|Any CPU
		{EDA94E1A-AF62-4C54-8B49-42118D01D548}.Debug|Any CPU.Build.0 = Debug|Any CPU
		{EDA94E1A-AF62-4C54-8B49-42118D01D548}.Release|Any CPU.ActiveCfg = Release|Any CPU
		{EDA94E1A-AF62-4C54-8B49-42118D01D548}.Release|Any CPU.Build.0 = Release|Any CPU
		{FEB4C77D-7231-47FD-BBE0-083F00173DB5}.Debug|Any CPU.ActiveCfg = Debug|Any CPU
		{FEB4C77D-7231-47FD-BBE0-083F00173DB5}.Debug|Any CPU.Build.0 = Debug|Any CPU
		{FEB4C77D-7231-47FD-BBE0-083F00173DB5}.Release|Any CPU.ActiveCfg = Release|Any CPU
		{FEB4C77D-7231-47FD-BBE0-083F00173DB5}.Release|Any CPU.Build.0 = Release|Any CPU
		{703892CB-160D-41DA-B983-8065A6C73994}.Debug|Any CPU.ActiveCfg = Debug|Any CPU
		{703892CB-160D-41DA-B983-8065A6C73994}.Debug|Any CPU.Build.0 = Debug|Any CPU
		{703892CB-160D-41DA-B983-8065A6C73994}.Release|Any CPU.ActiveCfg = Release|Any CPU
		{703892CB-160D-41DA-B983-8065A6C73994}.Release|Any CPU.Build.0 = Release|Any CPU
		{8D7C8C87-2C6A-4B22-B3CD-08BB09502BD6}.Debug|Any CPU.ActiveCfg = Debug|Any CPU
		{8D7C8C87-2C6A-4B22-B3CD-08BB09502BD6}.Debug|Any CPU.Build.0 = Debug|Any CPU
		{8D7C8C87-2C6A-4B22-B3CD-08BB09502BD6}.Release|Any CPU.ActiveCfg = Release|Any CPU
		{8D7C8C87-2C6A-4B22-B3CD-08BB09502BD6}.Release|Any CPU.Build.0 = Release|Any CPU
		{DEC1608B-8EB4-4B4E-8370-A44270714217}.Debug|Any CPU.ActiveCfg = Debug|Any CPU
		{DEC1608B-8EB4-4B4E-8370-A44270714217}.Debug|Any CPU.Build.0 = Debug|Any CPU
		{DEC1608B-8EB4-4B4E-8370-A44270714217}.Release|Any CPU.ActiveCfg = Release|Any CPU
		{DEC1608B-8EB4-4B4E-8370-A44270714217}.Release|Any CPU.Build.0 = Release|Any CPU
		{28AED5AD-1257-4E39-BD5A-23D05DEC0B2F}.Debug|Any CPU.ActiveCfg = Debug|Any CPU
		{28AED5AD-1257-4E39-BD5A-23D05DEC0B2F}.Debug|Any CPU.Build.0 = Debug|Any CPU
		{28AED5AD-1257-4E39-BD5A-23D05DEC0B2F}.Release|Any CPU.ActiveCfg = Release|Any CPU
		{28AED5AD-1257-4E39-BD5A-23D05DEC0B2F}.Release|Any CPU.Build.0 = Release|Any CPU
		{387E923A-A773-4B1B-A944-C65527A31983}.Debug|Any CPU.ActiveCfg = Debug|Any CPU
		{387E923A-A773-4B1B-A944-C65527A31983}.Debug|Any CPU.Build.0 = Debug|Any CPU
		{387E923A-A773-4B1B-A944-C65527A31983}.Release|Any CPU.ActiveCfg = Release|Any CPU
		{387E923A-A773-4B1B-A944-C65527A31983}.Release|Any CPU.Build.0 = Release|Any CPU
		{A82DB6E9-45AB-4175-ACCB-7B92D8985282}.Debug|Any CPU.ActiveCfg = Debug|Any CPU
		{A82DB6E9-45AB-4175-ACCB-7B92D8985282}.Debug|Any CPU.Build.0 = Debug|Any CPU
		{A82DB6E9-45AB-4175-ACCB-7B92D8985282}.Release|Any CPU.ActiveCfg = Release|Any CPU
		{A82DB6E9-45AB-4175-ACCB-7B92D8985282}.Release|Any CPU.Build.0 = Release|Any CPU
		{D887BA1B-4492-4759-9FFA-E460B7508338}.Debug|Any CPU.ActiveCfg = Debug|Any CPU
		{D887BA1B-4492-4759-9FFA-E460B7508338}.Debug|Any CPU.Build.0 = Debug|Any CPU
		{D887BA1B-4492-4759-9FFA-E460B7508338}.Release|Any CPU.ActiveCfg = Release|Any CPU
		{D887BA1B-4492-4759-9FFA-E460B7508338}.Release|Any CPU.Build.0 = Release|Any CPU
		{7CC39287-B004-4B43-AB1C-2285A68C8F81}.Debug|Any CPU.ActiveCfg = Debug|Any CPU
		{7CC39287-B004-4B43-AB1C-2285A68C8F81}.Debug|Any CPU.Build.0 = Debug|Any CPU
		{7CC39287-B004-4B43-AB1C-2285A68C8F81}.Release|Any CPU.ActiveCfg = Release|Any CPU
		{7CC39287-B004-4B43-AB1C-2285A68C8F81}.Release|Any CPU.Build.0 = Release|Any CPU
		{AFCFDA54-935C-4EDF-89C0-AC14FB60E51C}.Debug|Any CPU.ActiveCfg = Debug|Any CPU
		{AFCFDA54-935C-4EDF-89C0-AC14FB60E51C}.Debug|Any CPU.Build.0 = Debug|Any CPU
		{AFCFDA54-935C-4EDF-89C0-AC14FB60E51C}.Release|Any CPU.ActiveCfg = Release|Any CPU
		{AFCFDA54-935C-4EDF-89C0-AC14FB60E51C}.Release|Any CPU.Build.0 = Release|Any CPU
		{92B1DC01-53A8-485C-9F65-AF28BA971928}.Debug|Any CPU.ActiveCfg = Debug|Any CPU
		{92B1DC01-53A8-485C-9F65-AF28BA971928}.Debug|Any CPU.Build.0 = Debug|Any CPU
		{92B1DC01-53A8-485C-9F65-AF28BA971928}.Release|Any CPU.ActiveCfg = Release|Any CPU
		{92B1DC01-53A8-485C-9F65-AF28BA971928}.Release|Any CPU.Build.0 = Release|Any CPU
		{1AC69778-EA67-4F2C-82ED-D79186A98D43}.Debug|Any CPU.ActiveCfg = Debug|Any CPU
		{1AC69778-EA67-4F2C-82ED-D79186A98D43}.Debug|Any CPU.Build.0 = Debug|Any CPU
		{1AC69778-EA67-4F2C-82ED-D79186A98D43}.Release|Any CPU.ActiveCfg = Release|Any CPU
		{1AC69778-EA67-4F2C-82ED-D79186A98D43}.Release|Any CPU.Build.0 = Release|Any CPU
		{21D5F607-5CE9-4AF9-801B-AFF0824CF766}.Debug|Any CPU.ActiveCfg = Debug|Any CPU
		{21D5F607-5CE9-4AF9-801B-AFF0824CF766}.Debug|Any CPU.Build.0 = Debug|Any CPU
		{21D5F607-5CE9-4AF9-801B-AFF0824CF766}.Release|Any CPU.ActiveCfg = Release|Any CPU
		{21D5F607-5CE9-4AF9-801B-AFF0824CF766}.Release|Any CPU.Build.0 = Release|Any CPU
		{5DF45AE3-8094-431A-9171-D15E3EA1F574}.Debug|Any CPU.ActiveCfg = Debug|Any CPU
		{5DF45AE3-8094-431A-9171-D15E3EA1F574}.Debug|Any CPU.Build.0 = Debug|Any CPU
		{5DF45AE3-8094-431A-9171-D15E3EA1F574}.Release|Any CPU.ActiveCfg = Release|Any CPU
		{5DF45AE3-8094-431A-9171-D15E3EA1F574}.Release|Any CPU.Build.0 = Release|Any CPU
		{BAE862EB-3B1B-48E6-9596-4CBC600532CD}.Debug|Any CPU.ActiveCfg = Debug|Any CPU
		{BAE862EB-3B1B-48E6-9596-4CBC600532CD}.Debug|Any CPU.Build.0 = Debug|Any CPU
		{BAE862EB-3B1B-48E6-9596-4CBC600532CD}.Release|Any CPU.ActiveCfg = Release|Any CPU
		{BAE862EB-3B1B-48E6-9596-4CBC600532CD}.Release|Any CPU.Build.0 = Release|Any CPU
		{792BF852-3E44-4C05-BECE-777F79D701D2}.Debug|Any CPU.ActiveCfg = Debug|Any CPU
		{792BF852-3E44-4C05-BECE-777F79D701D2}.Debug|Any CPU.Build.0 = Debug|Any CPU
		{792BF852-3E44-4C05-BECE-777F79D701D2}.Release|Any CPU.ActiveCfg = Release|Any CPU
		{792BF852-3E44-4C05-BECE-777F79D701D2}.Release|Any CPU.Build.0 = Release|Any CPU
		{812C3737-4F01-4987-9A2A-A7DA3E794DA5}.Debug|Any CPU.ActiveCfg = Debug|Any CPU
		{812C3737-4F01-4987-9A2A-A7DA3E794DA5}.Debug|Any CPU.Build.0 = Debug|Any CPU
		{812C3737-4F01-4987-9A2A-A7DA3E794DA5}.Release|Any CPU.ActiveCfg = Release|Any CPU
		{812C3737-4F01-4987-9A2A-A7DA3E794DA5}.Release|Any CPU.Build.0 = Release|Any CPU
		{680BA41A-E3D3-4EB0-89E9-168571C6FCBA}.Debug|Any CPU.ActiveCfg = Debug|Any CPU
		{680BA41A-E3D3-4EB0-89E9-168571C6FCBA}.Debug|Any CPU.Build.0 = Debug|Any CPU
		{680BA41A-E3D3-4EB0-89E9-168571C6FCBA}.Release|Any CPU.ActiveCfg = Release|Any CPU
		{680BA41A-E3D3-4EB0-89E9-168571C6FCBA}.Release|Any CPU.Build.0 = Release|Any CPU
		{66E66D22-6172-43F5-8E69-BAD55D6CA2FE}.Debug|Any CPU.ActiveCfg = Debug|Any CPU
		{66E66D22-6172-43F5-8E69-BAD55D6CA2FE}.Debug|Any CPU.Build.0 = Debug|Any CPU
		{66E66D22-6172-43F5-8E69-BAD55D6CA2FE}.Release|Any CPU.ActiveCfg = Release|Any CPU
		{66E66D22-6172-43F5-8E69-BAD55D6CA2FE}.Release|Any CPU.Build.0 = Release|Any CPU
		{18979983-FCA9-41BA-9B7C-3CA6F0DF4D20}.Debug|Any CPU.ActiveCfg = Debug|Any CPU
		{18979983-FCA9-41BA-9B7C-3CA6F0DF4D20}.Debug|Any CPU.Build.0 = Debug|Any CPU
		{18979983-FCA9-41BA-9B7C-3CA6F0DF4D20}.Release|Any CPU.ActiveCfg = Release|Any CPU
		{18979983-FCA9-41BA-9B7C-3CA6F0DF4D20}.Release|Any CPU.Build.0 = Release|Any CPU
	EndGlobalSection
	GlobalSection(SolutionProperties) = preSolution
		HideSolutionNode = FALSE
	EndGlobalSection
	GlobalSection(NestedProjects) = preSolution
		{61DBB3AF-5791-4059-A8B2-DF29682F047D} = {73952C48-5B08-40A8-AF5F-5728BB73398D}
		{76F50B70-5A17-4313-9AA1-828D0A3DCB46} = {73952C48-5B08-40A8-AF5F-5728BB73398D}
		{AFDA9EF5-2DAB-4EFF-A7EE-C19A51D87656} = {73952C48-5B08-40A8-AF5F-5728BB73398D}
		{485E8348-F99C-476C-8D8A-36636906E009} = {73952C48-5B08-40A8-AF5F-5728BB73398D}
		{191F3D32-EB6A-4D03-961C-CA81EA8D6B09} = {73952C48-5B08-40A8-AF5F-5728BB73398D}
		{3EF1740E-E4DD-4186-B777-556559784198} = {73952C48-5B08-40A8-AF5F-5728BB73398D}
		{4CCE8CC1-2DAD-4C29-8995-71418A7C8278} = {73952C48-5B08-40A8-AF5F-5728BB73398D}
		{3F597B15-A12B-4B09-8182-DDA9EA12C7A9} = {73952C48-5B08-40A8-AF5F-5728BB73398D}
		{2D5ADB4E-CE1E-4915-A5D8-0B3F09982153} = {73952C48-5B08-40A8-AF5F-5728BB73398D}
		{51772768-7B0D-46C3-87CA-3A5612911E55} = {73952C48-5B08-40A8-AF5F-5728BB73398D}
		{73588594-89A2-4098-A892-EB1C1FA99629} = {73952C48-5B08-40A8-AF5F-5728BB73398D}
		{C7CC504E-9BFB-49C7-9358-EEEA3A9AA537} = {73952C48-5B08-40A8-AF5F-5728BB73398D}
		{4DC84E58-1FB9-4D79-A3BA-16D2DA2D4490} = {73952C48-5B08-40A8-AF5F-5728BB73398D}
		{1628835E-36DB-496A-923D-CDE53D724D06} = {73952C48-5B08-40A8-AF5F-5728BB73398D}
		{2E56F40B-2B27-4A5F-B4E1-C815814A0285} = {73952C48-5B08-40A8-AF5F-5728BB73398D}
		{0E367C03-D812-450F-94FC-45FE0B52C748} = {73952C48-5B08-40A8-AF5F-5728BB73398D}
		{32320888-C2A4-44C4-9AE4-41FC6BAC54B2} = {73952C48-5B08-40A8-AF5F-5728BB73398D}
		{7DC0B9EE-0CF3-4975-B4A3-FCB8E9E31F33} = {CE89BE3C-78BD-484B-8A42-EBFF019584C1}
		{D63967C7-FB0A-4B19-9473-9F0D29D4ED5E} = {CE89BE3C-78BD-484B-8A42-EBFF019584C1}
		{0CF3BC8A-8400-4854-8DAF-EF557D6FB5B3} = {CE89BE3C-78BD-484B-8A42-EBFF019584C1}
		{DD88233C-AD77-4C4E-AB31-2EA99E14A43E} = {CE89BE3C-78BD-484B-8A42-EBFF019584C1}
		{9BD7215F-FA97-4ADB-810C-5458C1210765} = {CE89BE3C-78BD-484B-8A42-EBFF019584C1}
		{E1E51C52-0F23-46DE-A75E-553CA9C9B642} = {CE89BE3C-78BD-484B-8A42-EBFF019584C1}
		{6401B774-4B31-4C61-A2AA-7EA474B3A820} = {CE89BE3C-78BD-484B-8A42-EBFF019584C1}
		{2903D1B7-447B-422B-AC3C-83C6213AF868} = {CE89BE3C-78BD-484B-8A42-EBFF019584C1}
		{36CCD40A-10B7-48F5-A59F-6E86577A2C2E} = {CE89BE3C-78BD-484B-8A42-EBFF019584C1}
		{0A45F437-A1D9-411A-A52D-AB3DE332521B} = {CE89BE3C-78BD-484B-8A42-EBFF019584C1}
		{439566F1-6031-45E5-9294-75AB5016B56C} = {CE89BE3C-78BD-484B-8A42-EBFF019584C1}
		{E279D05A-E4A6-40A0-8D65-4083A52601F7} = {CE89BE3C-78BD-484B-8A42-EBFF019584C1}
		{6DE0FFE1-4CE7-4BD5-A1E8-710CF7096A17} = {CE89BE3C-78BD-484B-8A42-EBFF019584C1}
		{B37A9E75-8AC7-4031-897B-F9A4DC08F2F1} = {CE89BE3C-78BD-484B-8A42-EBFF019584C1}
		{2990D840-A01B-442A-B15B-87B35E381CCD} = {D1BDCE01-7C0D-44C4-A195-80F87968C3A5}
		{C70DF491-D99B-4F06-A96E-1733E2B79277} = {D1BDCE01-7C0D-44C4-A195-80F87968C3A5}
		{F0770F3E-B1DA-4769-989C-2AC7C726E668} = {D1BDCE01-7C0D-44C4-A195-80F87968C3A5}
		{20372D12-0E4D-46B1-B105-5E65B38130B2} = {D1BDCE01-7C0D-44C4-A195-80F87968C3A5}
		{942FCD88-488E-4159-A520-B386DD7356CB} = {D1BDCE01-7C0D-44C4-A195-80F87968C3A5}
		{712B582C-030F-4165-9080-25B1E6475A33} = {D1BDCE01-7C0D-44C4-A195-80F87968C3A5}
		{3FF61180-5459-4CA9-9643-1DE61B8C73AF} = {D1BDCE01-7C0D-44C4-A195-80F87968C3A5}
		{7F122D85-C796-4112-9CD0-F113C1DCE5CC} = {D1BDCE01-7C0D-44C4-A195-80F87968C3A5}
		{F608E5DB-7071-4EEB-AA96-9F851B32B9DA} = {D1BDCE01-7C0D-44C4-A195-80F87968C3A5}
		{DF0392E5-C46D-4B90-913F-E059282B6CBF} = {D1BDCE01-7C0D-44C4-A195-80F87968C3A5}
		{EDA94E1A-AF62-4C54-8B49-42118D01D548} = {D1BDCE01-7C0D-44C4-A195-80F87968C3A5}
		{FEB4C77D-7231-47FD-BBE0-083F00173DB5} = {D1BDCE01-7C0D-44C4-A195-80F87968C3A5}
		{703892CB-160D-41DA-B983-8065A6C73994} = {D1BDCE01-7C0D-44C4-A195-80F87968C3A5}
		{8D7C8C87-2C6A-4B22-B3CD-08BB09502BD6} = {D1BDCE01-7C0D-44C4-A195-80F87968C3A5}
		{DEC1608B-8EB4-4B4E-8370-A44270714217} = {D1BDCE01-7C0D-44C4-A195-80F87968C3A5}
		{28AED5AD-1257-4E39-BD5A-23D05DEC0B2F} = {D1BDCE01-7C0D-44C4-A195-80F87968C3A5}
		{387E923A-A773-4B1B-A944-C65527A31983} = {D1BDCE01-7C0D-44C4-A195-80F87968C3A5}
		{A82DB6E9-45AB-4175-ACCB-7B92D8985282} = {D1BDCE01-7C0D-44C4-A195-80F87968C3A5}
		{D887BA1B-4492-4759-9FFA-E460B7508338} = {D1BDCE01-7C0D-44C4-A195-80F87968C3A5}
		{7CC39287-B004-4B43-AB1C-2285A68C8F81} = {D1BDCE01-7C0D-44C4-A195-80F87968C3A5}
		{AFCFDA54-935C-4EDF-89C0-AC14FB60E51C} = {D1BDCE01-7C0D-44C4-A195-80F87968C3A5}
		{92B1DC01-53A8-485C-9F65-AF28BA971928} = {D1BDCE01-7C0D-44C4-A195-80F87968C3A5}
		{1AC69778-EA67-4F2C-82ED-D79186A98D43} = {D1BDCE01-7C0D-44C4-A195-80F87968C3A5}
		{21D5F607-5CE9-4AF9-801B-AFF0824CF766} = {D1BDCE01-7C0D-44C4-A195-80F87968C3A5}
		{5DF45AE3-8094-431A-9171-D15E3EA1F574} = {D1BDCE01-7C0D-44C4-A195-80F87968C3A5}
		{BAE862EB-3B1B-48E6-9596-4CBC600532CD} = {D1BDCE01-7C0D-44C4-A195-80F87968C3A5}
		{792BF852-3E44-4C05-BECE-777F79D701D2} = {D1BDCE01-7C0D-44C4-A195-80F87968C3A5}
		{812C3737-4F01-4987-9A2A-A7DA3E794DA5} = {D1BDCE01-7C0D-44C4-A195-80F87968C3A5}
		{680BA41A-E3D3-4EB0-89E9-168571C6FCBA} = {D1BDCE01-7C0D-44C4-A195-80F87968C3A5}
		{66E66D22-6172-43F5-8E69-BAD55D6CA2FE} = {D1BDCE01-7C0D-44C4-A195-80F87968C3A5}
		{18979983-FCA9-41BA-9B7C-3CA6F0DF4D20} = {D1BDCE01-7C0D-44C4-A195-80F87968C3A5}
	EndGlobalSection
	GlobalSection(ExtensibilityGlobals) = postSolution
		SolutionGuid = {37D3966C-7BD9-4227-9AC3-5EBDF4F4A1AD}
	EndGlobalSection
EndGlobal
